
Microsoft Visual Studio Solution File, Format Version 12.00
# Visual Studio Version 17
VisualStudioVersion = 17.0.31903.59
MinimumVisualStudioVersion = 10.0.40219.1
Project("{9A19103F-16F7-4668-BE54-9A1E7A4F7556}") = "MegaBuild", "src\MegaBuild\MegaBuild.csproj", "{59CADEB9-6546-4038-ABAE-65F0CC9ED9EE}"
EndProject
Project("{9A19103F-16F7-4668-BE54-9A1E7A4F7556}") = "MegaBuildSdk", "src\MegaBuildSdk\MegaBuildSdk.csproj", "{56A23F2C-20AC-4E0D-94E7-B3EFD5B83D18}"
EndProject
Project("{9A19103F-16F7-4668-BE54-9A1E7A4F7556}") = "SampleStep", "src\SampleStep\SampleStep.csproj", "{7A52A5FE-7935-4746-80AA-AF270F5F00F9}"
EndProject
Project("{2150E333-8FDC-42A3-9474-1A3956D46DE8}") = "Solution Items", "Solution Items", "{6658CD6E-5311-4E8D-83D7-ED658B386AD7}"
	ProjectSection(SolutionItems) = preProject
		.editorconfig = .editorconfig
		.github\workflows\build.yml = .github\workflows\build.yml
		README.md = README.md
	EndProjectSection
EndProject
Project("{2150E333-8FDC-42A3-9474-1A3956D46DE8}") = "Src", "Src", "{C941C910-0097-4DF0-90A3-FBB01C1E6A70}"
	ProjectSection(SolutionItems) = preProject
		src\Directory.Build.props = src\Directory.Build.props
		src\Directory.Build.targets = src\Directory.Build.targets
	EndProjectSection
EndProject
Project("{9A19103F-16F7-4668-BE54-9A1E7A4F7556}") = "MegaBuildSdk.Tests", "tests\MegaBuildSdk.Tests\MegaBuildSdk.Tests.csproj", "{02C2D215-1241-43FF-B9B3-8E94AA2E65D8}"
EndProject
Project("{2150E333-8FDC-42A3-9474-1A3956D46DE8}") = "Tests", "Tests", "{0C4750D1-8F46-4D68-9C25-3A288116F57D}"
	ProjectSection(SolutionItems) = preProject
		tests\.runsettings = tests\.runsettings
		tests\Directory.Build.props = tests\Directory.Build.props
		tests\Directory.Build.targets = tests\Directory.Build.targets
	EndProjectSection
EndProject
Global
	GlobalSection(SolutionConfigurationPlatforms) = preSolution
		Debug|Any CPU = Debug|Any CPU
		Release|Any CPU = Release|Any CPU
	EndGlobalSection
	GlobalSection(ProjectConfigurationPlatforms) = postSolution
		{59CADEB9-6546-4038-ABAE-65F0CC9ED9EE}.Debug|Any CPU.ActiveCfg = Debug|Any CPU
		{59CADEB9-6546-4038-ABAE-65F0CC9ED9EE}.Debug|Any CPU.Build.0 = Debug|Any CPU
		{59CADEB9-6546-4038-ABAE-65F0CC9ED9EE}.Release|Any CPU.ActiveCfg = Release|Any CPU
		{59CADEB9-6546-4038-ABAE-65F0CC9ED9EE}.Release|Any CPU.Build.0 = Release|Any CPU
		{56A23F2C-20AC-4E0D-94E7-B3EFD5B83D18}.Debug|Any CPU.ActiveCfg = Debug|Any CPU
		{56A23F2C-20AC-4E0D-94E7-B3EFD5B83D18}.Debug|Any CPU.Build.0 = Debug|Any CPU
		{56A23F2C-20AC-4E0D-94E7-B3EFD5B83D18}.Release|Any CPU.ActiveCfg = Release|Any CPU
		{56A23F2C-20AC-4E0D-94E7-B3EFD5B83D18}.Release|Any CPU.Build.0 = Release|Any CPU
		{7A52A5FE-7935-4746-80AA-AF270F5F00F9}.Debug|Any CPU.ActiveCfg = Debug|Any CPU
		{7A52A5FE-7935-4746-80AA-AF270F5F00F9}.Debug|Any CPU.Build.0 = Debug|Any CPU
		{7A52A5FE-7935-4746-80AA-AF270F5F00F9}.Release|Any CPU.ActiveCfg = Release|Any CPU
		{7A52A5FE-7935-4746-80AA-AF270F5F00F9}.Release|Any CPU.Build.0 = Release|Any CPU
		{02C2D215-1241-43FF-B9B3-8E94AA2E65D8}.Debug|Any CPU.ActiveCfg = Debug|Any CPU
		{02C2D215-1241-43FF-B9B3-8E94AA2E65D8}.Debug|Any CPU.Build.0 = Debug|Any CPU
		{02C2D215-1241-43FF-B9B3-8E94AA2E65D8}.Release|Any CPU.ActiveCfg = Release|Any CPU
		{02C2D215-1241-43FF-B9B3-8E94AA2E65D8}.Release|Any CPU.Build.0 = Release|Any CPU
	EndGlobalSection
	GlobalSection(SolutionProperties) = preSolution
		HideSolutionNode = FALSE
	EndGlobalSection
	GlobalSection(NestedProjects) = preSolution
		{02C2D215-1241-43FF-B9B3-8E94AA2E65D8} = {0C4750D1-8F46-4D68-9C25-3A288116F57D}
	EndGlobalSection
	GlobalSection(ExtensibilityGlobals) = postSolution
		SolutionGuid = {94B7CC71-5ABD-4EBB-AB83-C25C768BF3A4}
	EndGlobalSection
EndGlobal
